
Microsoft Visual Studio Solution File, Format Version 12.00
# Visual Studio Version 16
VisualStudioVersion = 25.0.1705.0
MinimumVisualStudioVersion = 10.0.40219.1
Project("{FAE04EC0-301F-11D3-BF4B-00C04F79EFBC}") = "Mindsight", "Mindsight.csproj", "{9BF7EE3D-483B-411C-A1C9-3C4457D733A1}"
EndProject
Global
	GlobalSection(SolutionConfigurationPlatforms) = preSolution
		Debug|Any CPU = Debug|Any CPU
		Release|Any CPU = Release|Any CPU
	EndGlobalSection
	GlobalSection(ProjectConfigurationPlatforms) = postSolution
		{9BF7EE3D-483B-411C-A1C9-3C4457D733A1}.Debug|Any CPU.ActiveCfg = Debug|Any CPU
		{9BF7EE3D-483B-411C-A1C9-3C4457D733A1}.Debug|Any CPU.Build.0 = Debug|Any CPU
		{9BF7EE3D-483B-411C-A1C9-3C4457D733A1}.Release|Any CPU.ActiveCfg = Release|Any CPU
		{9BF7EE3D-483B-411C-A1C9-3C4457D733A1}.Release|Any CPU.Build.0 = Release|Any CPU
	EndGlobalSection
	GlobalSection(SolutionProperties) = preSolution
		HideSolutionNode = FALSE
	EndGlobalSection
	GlobalSection(ExtensibilityGlobals) = postSolution
		SolutionGuid = {271B2C85-86F1-4498-95FE-8F98C1B87A54}
	EndGlobalSection
EndGlobal
